
Microsoft Visual Studio Solution File, Format Version 12.00
# Visual Studio 2012
Project("{FAE04EC0-301F-11D3-BF4B-00C04F79EFBC}") = "WinJSExtension.Core", "WinJSExtension.Core\WinJSExtension.Core.csproj", "{BA0EDE63-4979-4BDD-874E-ECEA4FF185F4}"
EndProject
Project("{262852C6-CD72-467D-83FE-5EEB1973A190}") = "WinJSExtension.Sample", "WinJSExtension.Sample\WinJSExtension.Sample.jsproj", "{0A39F836-F0D0-4DB7-8E68-FD7624735DA8}"
EndProject
Project("{FAE04EC0-301F-11D3-BF4B-00C04F79EFBC}") = "WinJSExtension.Gaming", "WinJSExtension.Gaming\WinJSExtension.Gaming.csproj", "{031691DE-0940-4DB1-84B1-A3715B64895E}"
EndProject
Project("{FAE04EC0-301F-11D3-BF4B-00C04F79EFBC}") = "WinJSExtension.Notifications", "WinJSExtension.Notifications\WinJSExtension.Notifications.csproj", "{AA75140B-FA6E-49A3-B597-A534360E1249}"
EndProject
Project("{2150E333-8FDC-42A3-9474-1A3956D46DE8}") = "VSIX", "VSIX", "{53610534-52D2-4714-B8B9-A8183DCF285F}"
EndProject
Project("{FAE04EC0-301F-11D3-BF4B-00C04F79EFBC}") = "WinJSExtension.VSIX", "WinJSExtension.VSIX\WinJSExtension.VSIX.csproj", "{0A2C66AB-7C90-420D-9069-B49191319256}"
EndProject
Project("{FAE04EC0-301F-11D3-BF4B-00C04F79EFBC}") = "WinJSExtension.Core.VSIX", "WinJSExtension.Core.VSIX\WinJSExtension.Core.VSIX.csproj", "{CC3CE7C8-F2CE-4E0F-88D9-21B4ABB69219}"
EndProject
Project("{FAE04EC0-301F-11D3-BF4B-00C04F79EFBC}") = "WinJSExtension.Gaming.VSIX", "WinJSExtension.Gaming.VSIX\WinJSExtension.Gaming.VSIX.csproj", "{C9E29D26-D29E-45EE-AB98-5A22C3349CD8}"
EndProject
Project("{FAE04EC0-301F-11D3-BF4B-00C04F79EFBC}") = "WinJSExtension.Notifications.VISIX", "WinJSExtension.Notifications.VISIX\WinJSExtension.Notifications.VISIX.csproj", "{53A84B67-78DA-466C-8E11-ACF131258AC8}"
EndProject
Global
	GlobalSection(SolutionConfigurationPlatforms) = preSolution
		Debug|ARM = Debug|ARM
		Debug|Any CPU = Debug|Any CPU
		Debug|x64 = Debug|x64
		Debug|x86 = Debug|x86
		Release|ARM = Release|ARM
		Release|Any CPU = Release|Any CPU
		Release|x64 = Release|x64
		Release|x86 = Release|x86
	EndGlobalSection
	GlobalSection(ProjectConfigurationPlatforms) = postSolution
		{031691DE-0940-4DB1-84B1-A3715B64895E}.Debug|ARM.ActiveCfg = Debug|ARM
		{031691DE-0940-4DB1-84B1-A3715B64895E}.Debug|ARM.Build.0 = Debug|ARM
		{031691DE-0940-4DB1-84B1-A3715B64895E}.Debug|Any CPU.ActiveCfg = Debug|Any CPU
		{031691DE-0940-4DB1-84B1-A3715B64895E}.Debug|Any CPU.Build.0 = Debug|Any CPU
		{031691DE-0940-4DB1-84B1-A3715B64895E}.Debug|x64.ActiveCfg = Debug|x64
		{031691DE-0940-4DB1-84B1-A3715B64895E}.Debug|x64.Build.0 = Debug|x64
		{031691DE-0940-4DB1-84B1-A3715B64895E}.Debug|x86.ActiveCfg = Debug|x86
		{031691DE-0940-4DB1-84B1-A3715B64895E}.Debug|x86.Build.0 = Debug|x86
		{031691DE-0940-4DB1-84B1-A3715B64895E}.Release|ARM.ActiveCfg = Release|ARM
		{031691DE-0940-4DB1-84B1-A3715B64895E}.Release|ARM.Build.0 = Release|ARM
		{031691DE-0940-4DB1-84B1-A3715B64895E}.Release|Any CPU.ActiveCfg = Release|Any CPU
		{031691DE-0940-4DB1-84B1-A3715B64895E}.Release|Any CPU.Build.0 = Release|Any CPU
		{031691DE-0940-4DB1-84B1-A3715B64895E}.Release|x64.ActiveCfg = Release|x64
		{031691DE-0940-4DB1-84B1-A3715B64895E}.Release|x64.Build.0 = Release|x64
		{031691DE-0940-4DB1-84B1-A3715B64895E}.Release|x86.ActiveCfg = Release|x86
		{031691DE-0940-4DB1-84B1-A3715B64895E}.Release|x86.Build.0 = Release|x86
		{0A2C66AB-7C90-420D-9069-B49191319256}.Debug|ARM.ActiveCfg = Debug|Any CPU
		{0A2C66AB-7C90-420D-9069-B49191319256}.Debug|Any CPU.ActiveCfg = Debug|Any CPU
		{0A2C66AB-7C90-420D-9069-B49191319256}.Debug|Any CPU.Build.0 = Debug|Any CPU
		{0A2C66AB-7C90-420D-9069-B49191319256}.Debug|x64.ActiveCfg = Debug|Any CPU
		{0A2C66AB-7C90-420D-9069-B49191319256}.Debug|x86.ActiveCfg = Debug|Any CPU
		{0A2C66AB-7C90-420D-9069-B49191319256}.Release|ARM.ActiveCfg = Release|Any CPU
		{0A2C66AB-7C90-420D-9069-B49191319256}.Release|Any CPU.ActiveCfg = Release|Any CPU
		{0A2C66AB-7C90-420D-9069-B49191319256}.Release|Any CPU.Build.0 = Release|Any CPU
		{0A2C66AB-7C90-420D-9069-B49191319256}.Release|x64.ActiveCfg = Release|Any CPU
		{0A2C66AB-7C90-420D-9069-B49191319256}.Release|x86.ActiveCfg = Release|Any CPU
		{0A39F836-F0D0-4DB7-8E68-FD7624735DA8}.Debug|ARM.ActiveCfg = Debug|ARM
		{0A39F836-F0D0-4DB7-8E68-FD7624735DA8}.Debug|ARM.Build.0 = Debug|ARM
		{0A39F836-F0D0-4DB7-8E68-FD7624735DA8}.Debug|ARM.Deploy.0 = Debug|ARM
		{0A39F836-F0D0-4DB7-8E68-FD7624735DA8}.Debug|Any CPU.ActiveCfg = Debug|Any CPU
		{0A39F836-F0D0-4DB7-8E68-FD7624735DA8}.Debug|Any CPU.Build.0 = Debug|Any CPU
		{0A39F836-F0D0-4DB7-8E68-FD7624735DA8}.Debug|Any CPU.Deploy.0 = Debug|Any CPU
		{0A39F836-F0D0-4DB7-8E68-FD7624735DA8}.Debug|x64.ActiveCfg = Debug|x64
		{0A39F836-F0D0-4DB7-8E68-FD7624735DA8}.Debug|x64.Build.0 = Debug|x64
		{0A39F836-F0D0-4DB7-8E68-FD7624735DA8}.Debug|x64.Deploy.0 = Debug|x64
		{0A39F836-F0D0-4DB7-8E68-FD7624735DA8}.Debug|x86.ActiveCfg = Debug|x86
		{0A39F836-F0D0-4DB7-8E68-FD7624735DA8}.Debug|x86.Build.0 = Debug|x86
		{0A39F836-F0D0-4DB7-8E68-FD7624735DA8}.Debug|x86.Deploy.0 = Debug|x86
		{0A39F836-F0D0-4DB7-8E68-FD7624735DA8}.Release|ARM.ActiveCfg = Release|ARM
		{0A39F836-F0D0-4DB7-8E68-FD7624735DA8}.Release|ARM.Build.0 = Release|ARM
		{0A39F836-F0D0-4DB7-8E68-FD7624735DA8}.Release|ARM.Deploy.0 = Release|ARM
		{0A39F836-F0D0-4DB7-8E68-FD7624735DA8}.Release|Any CPU.ActiveCfg = Release|Any CPU
		{0A39F836-F0D0-4DB7-8E68-FD7624735DA8}.Release|Any CPU.Build.0 = Release|Any CPU
		{0A39F836-F0D0-4DB7-8E68-FD7624735DA8}.Release|Any CPU.Deploy.0 = Release|Any CPU
		{0A39F836-F0D0-4DB7-8E68-FD7624735DA8}.Release|x64.ActiveCfg = Release|x64
		{0A39F836-F0D0-4DB7-8E68-FD7624735DA8}.Release|x64.Build.0 = Release|x64
		{0A39F836-F0D0-4DB7-8E68-FD7624735DA8}.Release|x64.Deploy.0 = Release|x64
		{0A39F836-F0D0-4DB7-8E68-FD7624735DA8}.Release|x86.ActiveCfg = Release|x86
		{0A39F836-F0D0-4DB7-8E68-FD7624735DA8}.Release|x86.Build.0 = Release|x86
		{0A39F836-F0D0-4DB7-8E68-FD7624735DA8}.Release|x86.Deploy.0 = Release|x86
		{53A84B67-78DA-466C-8E11-ACF131258AC8}.Debug|ARM.ActiveCfg = Debug|Any CPU
		{53A84B67-78DA-466C-8E11-ACF131258AC8}.Debug|Any CPU.ActiveCfg = Debug|Any CPU
		{53A84B67-78DA-466C-8E11-ACF131258AC8}.Debug|Any CPU.Build.0 = Debug|Any CPU
		{53A84B67-78DA-466C-8E11-ACF131258AC8}.Debug|x64.ActiveCfg = Debug|Any CPU
		{53A84B67-78DA-466C-8E11-ACF131258AC8}.Debug|x86.ActiveCfg = Debug|Any CPU
		{53A84B67-78DA-466C-8E11-ACF131258AC8}.Release|ARM.ActiveCfg = Release|Any CPU
		{53A84B67-78DA-466C-8E11-ACF131258AC8}.Release|Any CPU.ActiveCfg = Release|Any CPU
		{53A84B67-78DA-466C-8E11-ACF131258AC8}.Release|Any CPU.Build.0 = Release|Any CPU
		{53A84B67-78DA-466C-8E11-ACF131258AC8}.Release|x64.ActiveCfg = Release|Any CPU
		{53A84B67-78DA-466C-8E11-ACF131258AC8}.Release|x86.ActiveCfg = Release|Any CPU
		{AA75140B-FA6E-49A3-B597-A534360E1249}.Debug|ARM.ActiveCfg = Debug|ARM
		{AA75140B-FA6E-49A3-B597-A534360E1249}.Debug|ARM.Build.0 = Debug|ARM
		{AA75140B-FA6E-49A3-B597-A534360E1249}.Debug|Any CPU.ActiveCfg = Debug|Any CPU
		{AA75140B-FA6E-49A3-B597-A534360E1249}.Debug|Any CPU.Build.0 = Debug|Any CPU
		{AA75140B-FA6E-49A3-B597-A534360E1249}.Debug|x64.ActiveCfg = Debug|x64
		{AA75140B-FA6E-49A3-B597-A534360E1249}.Debug|x64.Build.0 = Debug|x64
		{AA75140B-FA6E-49A3-B597-A534360E1249}.Debug|x86.ActiveCfg = Debug|x86
		{AA75140B-FA6E-49A3-B597-A534360E1249}.Debug|x86.Build.0 = Debug|x86
		{AA75140B-FA6E-49A3-B597-A534360E1249}.Release|ARM.ActiveCfg = Release|ARM
		{AA75140B-FA6E-49A3-B597-A534360E1249}.Release|ARM.Build.0 = Release|ARM
		{AA75140B-FA6E-49A3-B597-A534360E1249}.Release|Any CPU.ActiveCfg = Release|Any CPU
		{AA75140B-FA6E-49A3-B597-A534360E1249}.Release|Any CPU.Build.0 = Release|Any CPU
		{AA75140B-FA6E-49A3-B597-A534360E1249}.Release|x64.ActiveCfg = Release|x64
		{AA75140B-FA6E-49A3-B597-A534360E1249}.Release|x64.Build.0 = Release|x64
		{AA75140B-FA6E-49A3-B597-A534360E1249}.Release|x86.ActiveCfg = Release|x86
		{AA75140B-FA6E-49A3-B597-A534360E1249}.Release|x86.Build.0 = Release|x86
		{BA0EDE63-4979-4BDD-874E-ECEA4FF185F4}.Debug|ARM.ActiveCfg = Debug|ARM
		{BA0EDE63-4979-4BDD-874E-ECEA4FF185F4}.Debug|ARM.Build.0 = Debug|ARM
		{BA0EDE63-4979-4BDD-874E-ECEA4FF185F4}.Debug|Any CPU.ActiveCfg = Debug|Any CPU
		{BA0EDE63-4979-4BDD-874E-ECEA4FF185F4}.Debug|Any CPU.Build.0 = Debug|Any CPU
		{BA0EDE63-4979-4BDD-874E-ECEA4FF185F4}.Debug|x64.ActiveCfg = Debug|x64
		{BA0EDE63-4979-4BDD-874E-ECEA4FF185F4}.Debug|x64.Build.0 = Debug|x64
		{BA0EDE63-4979-4BDD-874E-ECEA4FF185F4}.Debug|x86.ActiveCfg = Debug|x86
		{BA0EDE63-4979-4BDD-874E-ECEA4FF185F4}.Debug|x86.Build.0 = Debug|x86
		{BA0EDE63-4979-4BDD-874E-ECEA4FF185F4}.Release|ARM.ActiveCfg = Release|ARM
		{BA0EDE63-4979-4BDD-874E-ECEA4FF185F4}.Release|ARM.Build.0 = Release|ARM
		{BA0EDE63-4979-4BDD-874E-ECEA4FF185F4}.Release|Any CPU.ActiveCfg = Release|Any CPU
		{BA0EDE63-4979-4BDD-874E-ECEA4FF185F4}.Release|Any CPU.Build.0 = Release|Any CPU
		{BA0EDE63-4979-4BDD-874E-ECEA4FF185F4}.Release|x64.ActiveCfg = Release|x64
		{BA0EDE63-4979-4BDD-874E-ECEA4FF185F4}.Release|x64.Build.0 = Release|x64
		{BA0EDE63-4979-4BDD-874E-ECEA4FF185F4}.Release|x86.ActiveCfg = Release|x86
		{BA0EDE63-4979-4BDD-874E-ECEA4FF185F4}.Release|x86.Build.0 = Release|x86
		{C9E29D26-D29E-45EE-AB98-5A22C3349CD8}.Debug|ARM.ActiveCfg = Debug|Any CPU
		{C9E29D26-D29E-45EE-AB98-5A22C3349CD8}.Debug|Any CPU.ActiveCfg = Debug|Any CPU
		{C9E29D26-D29E-45EE-AB98-5A22C3349CD8}.Debug|Any CPU.Build.0 = Debug|Any CPU
		{C9E29D26-D29E-45EE-AB98-5A22C3349CD8}.Debug|x64.ActiveCfg = Debug|Any CPU
		{C9E29D26-D29E-45EE-AB98-5A22C3349CD8}.Debug|x86.ActiveCfg = Debug|Any CPU
		{C9E29D26-D29E-45EE-AB98-5A22C3349CD8}.Release|ARM.ActiveCfg = Release|Any CPU
		{C9E29D26-D29E-45EE-AB98-5A22C3349CD8}.Release|Any CPU.ActiveCfg = Release|Any CPU
		{C9E29D26-D29E-45EE-AB98-5A22C3349CD8}.Release|Any CPU.Build.0 = Release|Any CPU
		{C9E29D26-D29E-45EE-AB98-5A22C3349CD8}.Release|x64.ActiveCfg = Release|Any CPU
		{C9E29D26-D29E-45EE-AB98-5A22C3349CD8}.Release|x86.ActiveCfg = Release|Any CPU
		{CC3CE7C8-F2CE-4E0F-88D9-21B4ABB69219}.Debug|ARM.ActiveCfg = Debug|Any CPU
		{CC3CE7C8-F2CE-4E0F-88D9-21B4ABB69219}.Debug|Any CPU.ActiveCfg = Debug|Any CPU
		{CC3CE7C8-F2CE-4E0F-88D9-21B4ABB69219}.Debug|Any CPU.Build.0 = Debug|Any CPU
		{CC3CE7C8-F2CE-4E0F-88D9-21B4ABB69219}.Debug|x64.ActiveCfg = Debug|Any CPU
		{CC3CE7C8-F2CE-4E0F-88D9-21B4ABB69219}.Debug|x86.ActiveCfg = Debug|Any CPU
		{CC3CE7C8-F2CE-4E0F-88D9-21B4ABB69219}.Release|ARM.ActiveCfg = Release|Any CPU
		{CC3CE7C8-F2CE-4E0F-88D9-21B4ABB69219}.Release|Any CPU.ActiveCfg = Release|Any CPU
		{CC3CE7C8-F2CE-4E0F-88D9-21B4ABB69219}.Release|Any CPU.Build.0 = Release|Any CPU
		{CC3CE7C8-F2CE-4E0F-88D9-21B4ABB69219}.Release|x64.ActiveCfg = Release|Any CPU
		{CC3CE7C8-F2CE-4E0F-88D9-21B4ABB69219}.Release|x86.ActiveCfg = Release|Any CPU
	EndGlobalSection
	GlobalSection(SolutionProperties) = preSolution
		HideSolutionNode = FALSE
	EndGlobalSection
	GlobalSection(NestedProjects) = preSolution
		{0A2C66AB-7C90-420D-9069-B49191319256} = {53610534-52D2-4714-B8B9-A8183DCF285F}
		{53A84B67-78DA-466C-8E11-ACF131258AC8} = {53610534-52D2-4714-B8B9-A8183DCF285F}
		{C9E29D26-D29E-45EE-AB98-5A22C3349CD8} = {53610534-52D2-4714-B8B9-A8183DCF285F}
		{CC3CE7C8-F2CE-4E0F-88D9-21B4ABB69219} = {53610534-52D2-4714-B8B9-A8183DCF285F}
	EndGlobalSection
EndGlobal
